# THIS IS AN AUTOGENERATED FILE. DO NOT EDIT THIS FILE DIRECTLY.
# yarn lockfile v1


"@machinomy/types-ethereumjs-tx@^0.0.7":
  version "0.0.7"
  resolved "https://registry.yarnpkg.com/@machinomy/types-ethereumjs-tx/-/types-ethereumjs-tx-0.0.7.tgz#05bd639fdb2943817c46fd501fcca6e641bb9da8"
  dependencies:
    safe-buffer "^5.1.2"

"@machinomy/types-web3@^0.0.7":
  version "0.0.7"
  resolved "https://registry.yarnpkg.com/@machinomy/types-web3/-/types-web3-0.0.7.tgz#4162c820f3d3a9f03fc6bce7e49c5d8d6e375322"
  dependencies:
    bignumber.js "^4.0.2"

bignumber.js@^4.0.2:
  version "4.1.0"
  resolved "https://registry.yarnpkg.com/bignumber.js/-/bignumber.js-4.1.0.tgz#db6f14067c140bd46624815a7916c92d9b6c24b1"

safe-buffer@^5.1.2:
  version "5.1.2"
  resolved "https://registry.yarnpkg.com/safe-buffer/-/safe-buffer-5.1.2.tgz#991ec69d296e0313747d59bdfd2b745c35f8828d"
